# This file is automatically @generated by Cargo.
# It is not intended for manual editing.
version = 4

[[package]]
name = "econ"
version = "0.1.0"

[[package]]
name = "life"
version = "0.1.0"
dependencies = [
 "econ",
]

[[package]]
name = "sim"
version = "0.1.0"
dependencies = [
 "econ",
 "life",
 "world",
]

[[package]]
name = "world"
version = "0.1.0"
dependencies = [
 "econ",
]
